
Microsoft Visual Studio Solution File, Format Version 12.00
# Visual Studio Version 16
VisualStudioVersion = 16.0.30523.141
MinimumVisualStudioVersion = 10.0.40219.1
Project("{9A19103F-16F7-4668-BE54-9A1E7A4F7556}") = "BO(BusinessObjects)", "BO(BusinessObjects)\BO(BusinessObjects).csproj", "{AF0CAE1A-F30B-4F74-A7F0-51F77022B9F1}"
EndProject
Project("{9A19103F-16F7-4668-BE54-9A1E7A4F7556}") = "BL(BusinessLogic)", "BL(BusinessLogic)\BL(BusinessLogic).csproj", "{96150413-4E13-4C05-A627-8C4167626C41}"
EndProject
Project("{9A19103F-16F7-4668-BE54-9A1E7A4F7556}") = "ORM_test", "ORM_test\ORM_test.csproj", "{B7EA0006-92CA-4990-A923-235CBD08B836}"
EndProject
Project("{9A19103F-16F7-4668-BE54-9A1E7A4F7556}") = "WebView", "WebView\WebView.csproj", "{AF4BAE5E-2197-44C9-8E04-4986A0EBDBFE}"
EndProject
Project("{FAE04EC0-301F-11D3-BF4B-00C04F79EFBC}") = "ObjectContainer", "ObjectContainer\ObjectContainer.csproj", "{3780D67C-A68D-4F99-B244-79BD4AEE2245}"
EndProject
Global
	GlobalSection(SolutionConfigurationPlatforms) = preSolution
		Debug|Any CPU = Debug|Any CPU
		Release|Any CPU = Release|Any CPU
	EndGlobalSection
	GlobalSection(ProjectConfigurationPlatforms) = postSolution
		{AF0CAE1A-F30B-4F74-A7F0-51F77022B9F1}.Debug|Any CPU.ActiveCfg = Debug|Any CPU
		{AF0CAE1A-F30B-4F74-A7F0-51F77022B9F1}.Debug|Any CPU.Build.0 = Debug|Any CPU
		{AF0CAE1A-F30B-4F74-A7F0-51F77022B9F1}.Release|Any CPU.ActiveCfg = Release|Any CPU
		{AF0CAE1A-F30B-4F74-A7F0-51F77022B9F1}.Release|Any CPU.Build.0 = Release|Any CPU
		{96150413-4E13-4C05-A627-8C4167626C41}.Debug|Any CPU.ActiveCfg = Debug|Any CPU
		{96150413-4E13-4C05-A627-8C4167626C41}.Debug|Any CPU.Build.0 = Debug|Any CPU
		{96150413-4E13-4C05-A627-8C4167626C41}.Release|Any CPU.ActiveCfg = Release|Any CPU
		{96150413-4E13-4C05-A627-8C4167626C41}.Release|Any CPU.Build.0 = Release|Any CPU
		{B7EA0006-92CA-4990-A923-235CBD08B836}.Debug|Any CPU.ActiveCfg = Debug|Any CPU
		{B7EA0006-92CA-4990-A923-235CBD08B836}.Debug|Any CPU.Build.0 = Debug|Any CPU
		{B7EA0006-92CA-4990-A923-235CBD08B836}.Release|Any CPU.ActiveCfg = Release|Any CPU
		{B7EA0006-92CA-4990-A923-235CBD08B836}.Release|Any CPU.Build.0 = Release|Any CPU
		{AF4BAE5E-2197-44C9-8E04-4986A0EBDBFE}.Debug|Any CPU.ActiveCfg = Debug|Any CPU
		{AF4BAE5E-2197-44C9-8E04-4986A0EBDBFE}.Debug|Any CPU.Build.0 = Debug|Any CPU
		{AF4BAE5E-2197-44C9-8E04-4986A0EBDBFE}.Release|Any CPU.ActiveCfg = Release|Any CPU
		{AF4BAE5E-2197-44C9-8E04-4986A0EBDBFE}.Release|Any CPU.Build.0 = Release|Any CPU
		{3780D67C-A68D-4F99-B244-79BD4AEE2245}.Debug|Any CPU.ActiveCfg = Debug|Any CPU
		{3780D67C-A68D-4F99-B244-79BD4AEE2245}.Debug|Any CPU.Build.0 = Debug|Any CPU
		{3780D67C-A68D-4F99-B244-79BD4AEE2245}.Release|Any CPU.ActiveCfg = Release|Any CPU
		{3780D67C-A68D-4F99-B244-79BD4AEE2245}.Release|Any CPU.Build.0 = Release|Any CPU
	EndGlobalSection
	GlobalSection(SolutionProperties) = preSolution
		HideSolutionNode = FALSE
	EndGlobalSection
	GlobalSection(ExtensibilityGlobals) = postSolution
		SolutionGuid = {59F22907-099F-44D7-8D17-FF7CAD2F699B}
	EndGlobalSection
EndGlobal
